// !$*UTF8*$!
{
	archiveVersion = 1;
	classes = {
	};
	objectVersion = 56;
	objects = {

/* Begin PBXBuildFile section */
		00000001 /* SproutlingApp.swift in Sources */ = {isa = PBXBuildFile; fileRef = 00000011 /* SproutlingApp.swift */; };
		00000002 /* Models.swift in Sources */ = {isa = PBXBuildFile; fileRef = 00000012 /* Models.swift */; };
		00000003 /* AppState.swift in Sources */ = {isa = PBXBuildFile; fileRef = 00000013 /* AppState.swift */; };
		00000004 /* Components.swift in Sources */ = {isa = PBXBuildFile; fileRef = 00000014 /* Components.swift */; };
		00000005 /* HomeScreen.swift in Sources */ = {isa = PBXBuildFile; fileRef = 00000015 /* HomeScreen.swift */; };
		00000006 /* SubjectScreen.swift in Sources */ = {isa = PBXBuildFile; fileRef = 00000016 /* SubjectScreen.swift */; };
		00000007 /* LessonView.swift in Sources */ = {isa = PBXBuildFile; fileRef = 00000017 /* LessonView.swift */; };
		00000008 /* LessonCompleteScreen.swift in Sources */ = {isa = PBXBuildFile; fileRef = 00000018 /* LessonCompleteScreen.swift */; };
		00000009 /* MathActivities.swift in Sources */ = {isa = PBXBuildFile; fileRef = 00000019 /* MathActivities.swift */; };
		0000000A /* ReadingActivities.swift in Sources */ = {isa = PBXBuildFile; fileRef = 0000001A /* ReadingActivities.swift */; };
		0000000B /* SoundManager.swift in Sources */ = {isa = PBXBuildFile; fileRef = 0000001B /* SoundManager.swift */; };
		0000000C /* Assets.xcassets in Resources */ = {isa = PBXBuildFile; fileRef = 0000001C /* Assets.xcassets */; };
		0000000D /* Preview Assets.xcassets in Resources */ = {isa = PBXBuildFile; fileRef = 0000001D /* Preview Assets.xcassets */; };
		00000041 /* PersistedProfile.swift in Sources */ = {isa = PBXBuildFile; fileRef = 0000001E /* PersistedProfile.swift */; };
		00000042 /* ProgressScreen.swift in Sources */ = {isa = PBXBuildFile; fileRef = 0000001F /* ProgressScreen.swift */; };
		00000043 /* SettingsScreen.swift in Sources */ = {isa = PBXBuildFile; fileRef = 00000020 /* SettingsScreen.swift */; };
		0C3F1FFB14701C9E2FC9ED40 /* ProfileManagementScreen.swift in Sources */ = {isa = PBXBuildFile; fileRef = 7923DC5E3AE4284778026FE5 /* ProfileManagementScreen.swift */; };
		0D4D6634CC5E9E01AC1FD71B /* ParentSettings.swift in Sources */ = {isa = PBXBuildFile; fileRef = 3407473A62DC4E634E62FC4F /* ParentSettings.swift */; };
		5078C86F8B595F8CF415F914 /* ProfileComponents.swift in Sources */ = {isa = PBXBuildFile; fileRef = 050954E3063585BA84173A62 /* ProfileComponents.swift */; };
		655CA6B41149FF375BD23B00 /* ParentPINSheet.swift in Sources */ = {isa = PBXBuildFile; fileRef = 7275FDA9F6FE2347826C5F2A /* ParentPINSheet.swift */; };
		8497E89ED23C15CEC00D0FFC /* ProfileEditorSheet.swift in Sources */ = {isa = PBXBuildFile; fileRef = BD41B93E570E4B9389064C40 /* ProfileEditorSheet.swift */; };
		B7596C311108E650CC25885A /* ProfileSelectionScreen.swift in Sources */ = {isa = PBXBuildFile; fileRef = CE24ED3F6AD1A20D491DACFE /* ProfileSelectionScreen.swift */; };
		CURR0001000000000000001A /* CurriculumLoader.swift in Sources */ = {isa = PBXBuildFile; fileRef = CURR0002000000000000001A /* CurriculumLoader.swift */; };
		CURR0003000000000000001A /* MathCurriculum.json in Resources */ = {isa = PBXBuildFile; fileRef = CURR0004000000000000001A /* MathCurriculum.json */; };
		CURR0005000000000000001A /* ReadingCurriculum.json in Resources */ = {isa = PBXBuildFile; fileRef = CURR0006000000000000001A /* ReadingCurriculum.json */; };
		E35447176E6981D8B7385AAA /* KeychainManager.swift in Sources */ = {isa = PBXBuildFile; fileRef = 5EE043BA01A59C36749E71B9 /* KeychainManager.swift */; };
		TFBS000200000000001A /* TimeForBreakScreen.swift in Sources */ = {isa = PBXBuildFile; fileRef = TFBS000100000000001A /* TimeForBreakScreen.swift */; };
/* End PBXBuildFile section */

/* Begin PBXFileReference section */
		00000010 /* Sproutling.app */ = {isa = PBXFileReference; explicitFileType = wrapper.application; includeInIndex = 0; path = Sproutling.app; sourceTree = BUILT_PRODUCTS_DIR; };
		00000011 /* SproutlingApp.swift */ = {isa = PBXFileReference; lastKnownFileType = sourcecode.swift; path = SproutlingApp.swift; sourceTree = "<group>"; };
		00000012 /* Models.swift */ = {isa = PBXFileReference; lastKnownFileType = sourcecode.swift; path = Models.swift; sourceTree = "<group>"; };
		00000013 /* AppState.swift */ = {isa = PBXFileReference; lastKnownFileType = sourcecode.swift; path = AppState.swift; sourceTree = "<group>"; };
		00000014 /* Components.swift */ = {isa = PBXFileReference; lastKnownFileType = sourcecode.swift; path = Components.swift; sourceTree = "<group>"; };
		00000015 /* HomeScreen.swift */ = {isa = PBXFileReference; lastKnownFileType = sourcecode.swift; path = HomeScreen.swift; sourceTree = "<group>"; };
		00000016 /* SubjectScreen.swift */ = {isa = PBXFileReference; lastKnownFileType = sourcecode.swift; path = SubjectScreen.swift; sourceTree = "<group>"; };
		00000017 /* LessonView.swift */ = {isa = PBXFileReference; lastKnownFileType = sourcecode.swift; path = LessonView.swift; sourceTree = "<group>"; };
		00000018 /* LessonCompleteScreen.swift */ = {isa = PBXFileReference; lastKnownFileType = sourcecode.swift; path = LessonCompleteScreen.swift; sourceTree = "<group>"; };
		00000019 /* MathActivities.swift */ = {isa = PBXFileReference; lastKnownFileType = sourcecode.swift; path = MathActivities.swift; sourceTree = "<group>"; };
		0000001A /* ReadingActivities.swift */ = {isa = PBXFileReference; lastKnownFileType = sourcecode.swift; path = ReadingActivities.swift; sourceTree = "<group>"; };
		0000001B /* SoundManager.swift */ = {isa = PBXFileReference; lastKnownFileType = sourcecode.swift; path = SoundManager.swift; sourceTree = "<group>"; };
		0000001C /* Assets.xcassets */ = {isa = PBXFileReference; lastKnownFileType = folder.assetcatalog; path = Assets.xcassets; sourceTree = "<group>"; };
		0000001D /* Preview Assets.xcassets */ = {isa = PBXFileReference; lastKnownFileType = folder.assetcatalog; path = "Preview Assets.xcassets"; sourceTree = "<group>"; };
		0000001E /* PersistedProfile.swift */ = {isa = PBXFileReference; lastKnownFileType = sourcecode.swift; path = PersistedProfile.swift; sourceTree = "<group>"; };
		0000001F /* ProgressScreen.swift */ = {isa = PBXFileReference; lastKnownFileType = sourcecode.swift; path = ProgressScreen.swift; sourceTree = "<group>"; };
		00000020 /* SettingsScreen.swift */ = {isa = PBXFileReference; lastKnownFileType = sourcecode.swift; path = SettingsScreen.swift; sourceTree = "<group>"; };
		050954E3063585BA84173A62 /* ProfileComponents.swift */ = {isa = PBXFileReference; includeInIndex = 1; lastKnownFileType = sourcecode.swift; path = ProfileComponents.swift; sourceTree = "<group>"; };
		3407473A62DC4E634E62FC4F /* ParentSettings.swift */ = {isa = PBXFileReference; includeInIndex = 1; lastKnownFileType = sourcecode.swift; path = ParentSettings.swift; sourceTree = "<group>"; };
		4373EE38CB62ADC43EA5A577 /* Sproutling.entitlements */ = {isa = PBXFileReference; includeInIndex = 1; lastKnownFileType = text.plist.entitlements; path = Sproutling.entitlements; sourceTree = "<group>"; };
		545A4550C572D98DBD5B4B6D /* Info.plist */ = {isa = PBXFileReference; includeInIndex = 1; lastKnownFileType = text.plist.xml; path = Info.plist; sourceTree = "<group>"; };
		5EE043BA01A59C36749E71B9 /* KeychainManager.swift */ = {isa = PBXFileReference; includeInIndex = 1; lastKnownFileType = sourcecode.swift; path = KeychainManager.swift; sourceTree = "<group>"; };
		7275FDA9F6FE2347826C5F2A /* ParentPINSheet.swift */ = {isa = PBXFileReference; includeInIndex = 1; lastKnownFileType = sourcecode.swift; path = ParentPINSheet.swift; sourceTree = "<group>"; };
		7923DC5E3AE4284778026FE5 /* ProfileManagementScreen.swift */ = {isa = PBXFileReference; includeInIndex = 1; lastKnownFileType = sourcecode.swift; path = ProfileManagementScreen.swift; sourceTree = "<group>"; };
		BD41B93E570E4B9389064C40 /* ProfileEditorSheet.swift */ = {isa = PBXFileReference; includeInIndex = 1; lastKnownFileType = sourcecode.swift; path = ProfileEditorSheet.swift; sourceTree = "<group>"; };
		CE24ED3F6AD1A20D491DACFE /* ProfileSelectionScreen.swift */ = {isa = PBXFileReference; includeInIndex = 1; lastKnownFileType = sourcecode.swift; path = ProfileSelectionScreen.swift; sourceTree = "<group>"; };
		CURR0002000000000000001A /* CurriculumLoader.swift */ = {isa = PBXFileReference; lastKnownFileType = sourcecode.swift; path = CurriculumLoader.swift; sourceTree = "<group>"; };
		CURR0004000000000000001A /* MathCurriculum.json */ = {isa = PBXFileReference; lastKnownFileType = text.json; path = MathCurriculum.json; sourceTree = "<group>"; };
		CURR0006000000000000001A /* ReadingCurriculum.json */ = {isa = PBXFileReference; lastKnownFileType = text.json; path = ReadingCurriculum.json; sourceTree = "<group>"; };
		TFBS000100000000001A /* TimeForBreakScreen.swift */ = {isa = PBXFileReference; lastKnownFileType = sourcecode.swift; path = TimeForBreakScreen.swift; sourceTree = "<group>"; };
/* End PBXFileReference section */

/* Begin PBXFrameworksBuildPhase section */
		0000000E /* Frameworks */ = {
			isa = PBXFrameworksBuildPhase;
			buildActionMask = 2147483647;
			files = (
			);
			runOnlyForDeploymentPostprocessing = 0;
		};
/* End PBXFrameworksBuildPhase section */

/* Begin PBXGroup section */
		0000000F /* Products */ = {
			isa = PBXGroup;
			children = (
				00000010 /* Sproutling.app */,
			);
			name = Products;
			sourceTree = "<group>";
		};
		00000021 /* Sproutling */ = {
			isa = PBXGroup;
			children = (
				00000011 /* SproutlingApp.swift */,
				00000022 /* Models */,
				00000023 /* ViewModels */,
				00000024 /* Views */,
				00000025 /* Utilities */,
				00000026 /* Resources */,
				00000027 /* Preview Content */,
				545A4550C572D98DBD5B4B6D /* Info.plist */,
				4373EE38CB62ADC43EA5A577 /* Sproutling.entitlements */,
			);
			path = Sproutling;
			sourceTree = "<group>";
		};
		00000022 /* Models */ = {
			isa = PBXGroup;
			children = (
				00000012 /* Models.swift */,
				0000001E /* PersistedProfile.swift */,
				3407473A62DC4E634E62FC4F /* ParentSettings.swift */,
			);
			path = Models;
			sourceTree = "<group>";
		};
		00000023 /* ViewModels */ = {
			isa = PBXGroup;
			children = (
				00000013 /* AppState.swift */,
			);
			path = ViewModels;
			sourceTree = "<group>";
		};
		00000024 /* Views */ = {
			isa = PBXGroup;
			children = (
				00000028 /* Components */,
				00000029 /* Screens */,
				0000002A /* Activities */,
			);
			path = Views;
			sourceTree = "<group>";
		};
		00000025 /* Utilities */ = {
			isa = PBXGroup;
			children = (
				0000001B /* SoundManager.swift */,
				5EE043BA01A59C36749E71B9 /* KeychainManager.swift */,
				CURR0002000000000000001A /* CurriculumLoader.swift */,
			);
			path = Utilities;
			sourceTree = "<group>";
		};
		00000026 /* Resources */ = {
			isa = PBXGroup;
			children = (
				0000001C /* Assets.xcassets */,
				CURR0007000000000000001A /* Curriculum */,
			);
			path = Resources;
			sourceTree = "<group>";
		};
		00000027 /* Preview Content */ = {
			isa = PBXGroup;
			children = (
				0000001D /* Preview Assets.xcassets */,
			);
			path = "Preview Content";
			sourceTree = "<group>";
		};
		00000028 /* Components */ = {
			isa = PBXGroup;
			children = (
				00000014 /* Components.swift */,
				050954E3063585BA84173A62 /* ProfileComponents.swift */,
			);
			path = Components;
			sourceTree = "<group>";
		};
		00000029 /* Screens */ = {
			isa = PBXGroup;
			children = (
				00000015 /* HomeScreen.swift */,
				00000016 /* SubjectScreen.swift */,
				00000017 /* LessonView.swift */,
				00000018 /* LessonCompleteScreen.swift */,
				0000001F /* ProgressScreen.swift */,
				00000020 /* SettingsScreen.swift */,
				CE24ED3F6AD1A20D491DACFE /* ProfileSelectionScreen.swift */,
				BD41B93E570E4B9389064C40 /* ProfileEditorSheet.swift */,
				7275FDA9F6FE2347826C5F2A /* ParentPINSheet.swift */,
				7923DC5E3AE4284778026FE5 /* ProfileManagementScreen.swift */,
				TFBS000100000000001A /* TimeForBreakScreen.swift */,
			);
			path = Screens;
			sourceTree = "<group>";
		};
		0000002A /* Activities */ = {
			isa = PBXGroup;
			children = (
				00000019 /* MathActivities.swift */,
				0000001A /* ReadingActivities.swift */,
			);
			path = Activities;
			sourceTree = "<group>";
		};
		00000050 = {
			isa = PBXGroup;
			children = (
				00000021 /* Sproutling */,
				0000000F /* Products */,
			);
			sourceTree = "<group>";
		};
		CURR0007000000000000001A /* Curriculum */ = {
			isa = PBXGroup;
			children = (
				CURR0004000000000000001A /* MathCurriculum.json */,
				CURR0006000000000000001A /* ReadingCurriculum.json */,
			);
			path = Curriculum;
			sourceTree = "<group>";
		};
/* End PBXGroup section */

/* Begin PBXNativeTarget section */
		0000002B /* Sproutling */ = {
			isa = PBXNativeTarget;
			buildConfigurationList = 0000002C /* Build configuration list for PBXNativeTarget "Sproutling" */;
			buildPhases = (
				00000040 /* Sources */,
				0000000E /* Frameworks */,
				00000030 /* Resources */,
			);
			buildRules = (
			);
			dependencies = (
			);
			name = Sproutling;
			productName = Sproutling;
			productReference = 00000010 /* Sproutling.app */;
			productType = "com.apple.product-type.application";
		};
/* End PBXNativeTarget section */

/* Begin PBXProject section */
		00000031 /* Project object */ = {
			isa = PBXProject;
			attributes = {
				BuildIndependentTargetsInParallel = 1;
				LastSwiftUpdateCheck = 1500;
				LastUpgradeCheck = 2620;
				TargetAttributes = {
					0000002B = {
						CreatedOnToolsVersion = 15.0;
					};
				};
			};
			buildConfigurationList = 00000032 /* Build configuration list for PBXProject "Sproutling" */;
			compatibilityVersion = "Xcode 14.0";
			developmentRegion = en;
			hasScannedForEncodings = 0;
			knownRegions = (
				en,
				Base,
			);
			mainGroup = 00000050;
			productRefGroup = 0000000F /* Products */;
			projectDirPath = "";
			projectRoot = "";
			targets = (
				0000002B /* Sproutling */,
			);
		};
/* End PBXProject section */

/* Begin PBXResourcesBuildPhase section */
		00000030 /* Resources */ = {
			isa = PBXResourcesBuildPhase;
			buildActionMask = 2147483647;
			files = (
				0000000C /* Assets.xcassets in Resources */,
				0000000D /* Preview Assets.xcassets in Resources */,
				CURR0003000000000000001A /* MathCurriculum.json in Resources */,
				CURR0005000000000000001A /* ReadingCurriculum.json in Resources */,
			);
			runOnlyForDeploymentPostprocessing = 0;
		};
/* End PBXResourcesBuildPhase section */

/* Begin PBXSourcesBuildPhase section */
		00000040 /* Sources */ = {
			isa = PBXSourcesBuildPhase;
			buildActionMask = 2147483647;
			files = (
				00000001 /* SproutlingApp.swift in Sources */,
				00000002 /* Models.swift in Sources */,
				00000041 /* PersistedProfile.swift in Sources */,
				00000003 /* AppState.swift in Sources */,
				00000004 /* Components.swift in Sources */,
				00000005 /* HomeScreen.swift in Sources */,
				00000006 /* SubjectScreen.swift in Sources */,
				00000007 /* LessonView.swift in Sources */,
				00000008 /* LessonCompleteScreen.swift in Sources */,
				00000009 /* MathActivities.swift in Sources */,
				0000000A /* ReadingActivities.swift in Sources */,
				0000000B /* SoundManager.swift in Sources */,
				00000042 /* ProgressScreen.swift in Sources */,
				00000043 /* SettingsScreen.swift in Sources */,
				0D4D6634CC5E9E01AC1FD71B /* ParentSettings.swift in Sources */,
				E35447176E6981D8B7385AAA /* KeychainManager.swift in Sources */,
				B7596C311108E650CC25885A /* ProfileSelectionScreen.swift in Sources */,
				8497E89ED23C15CEC00D0FFC /* ProfileEditorSheet.swift in Sources */,
				655CA6B41149FF375BD23B00 /* ParentPINSheet.swift in Sources */,
				0C3F1FFB14701C9E2FC9ED40 /* ProfileManagementScreen.swift in Sources */,
				5078C86F8B595F8CF415F914 /* ProfileComponents.swift in Sources */,
				CURR0001000000000000001A /* CurriculumLoader.swift in Sources */,
				TFBS000200000000001A /* TimeForBreakScreen.swift in Sources */,
			);
			runOnlyForDeploymentPostprocessing = 0;
		};
/* End PBXSourcesBuildPhase section */

/* Begin XCBuildConfiguration section */
		00000033 /* Debug */ = {
			isa = XCBuildConfiguration;
			buildSettings = {
				ALWAYS_SEARCH_USER_PATHS = NO;
				ASSETCATALOG_COMPILER_GENERATE_SWIFT_ASSET_SYMBOL_EXTENSIONS = YES;
				CLANG_ANALYZER_NONNULL = YES;
				CLANG_ANALYZER_NUMBER_OBJECT_CONVERSION = YES_AGGRESSIVE;
				CLANG_CXX_LANGUAGE_STANDARD = "gnu++20";
				CLANG_ENABLE_MODULES = YES;
				CLANG_ENABLE_OBJC_ARC = YES;
				CLANG_ENABLE_OBJC_WEAK = YES;
				CLANG_WARN_BLOCK_CAPTURE_AUTORELEASING = YES;
				CLANG_WARN_BOOL_CONVERSION = YES;
				CLANG_WARN_COMMA = YES;
				CLANG_WARN_CONSTANT_CONVERSION = YES;
				CLANG_WARN_DEPRECATED_OBJC_IMPLEMENTATIONS = YES;
				CLANG_WARN_DIRECT_OBJC_ISA_USAGE = YES_ERROR;
				CLANG_WARN_DOCUMENTATION_COMMENTS = YES;
				CLANG_WARN_EMPTY_BODY = YES;
				CLANG_WARN_ENUM_CONVERSION = YES;
				CLANG_WARN_INFINITE_RECURSION = YES;
				CLANG_WARN_INT_CONVERSION = YES;
				CLANG_WARN_NON_LITERAL_NULL_CONVERSION = YES;
				CLANG_WARN_OBJC_IMPLICIT_RETAIN_SELF = YES;
				CLANG_WARN_OBJC_LITERAL_CONVERSION = YES;
				CLANG_WARN_OBJC_ROOT_CLASS = YES_ERROR;
				CLANG_WARN_QUOTED_INCLUDE_IN_FRAMEWORK_HEADER = YES;
				CLANG_WARN_RANGE_LOOP_ANALYSIS = YES;
				CLANG_WARN_STRICT_PROTOTYPES = YES;
				CLANG_WARN_SUSPICIOUS_MOVE = YES;
				CLANG_WARN_UNGUARDED_AVAILABILITY = YES_AGGRESSIVE;
				CLANG_WARN_UNREACHABLE_CODE = YES;
				CLANG_WARN__DUPLICATE_METHOD_MATCH = YES;
				COPY_PHASE_STRIP = NO;
				DEBUG_INFORMATION_FORMAT = dwarf;
				ENABLE_STRICT_OBJC_MSGSEND = YES;
				ENABLE_TESTABILITY = YES;
				ENABLE_USER_SCRIPT_SANDBOXING = YES;
				GCC_C_LANGUAGE_STANDARD = gnu17;
				GCC_DYNAMIC_NO_PIC = NO;
				GCC_NO_COMMON_BLOCKS = YES;
				GCC_OPTIMIZATION_LEVEL = 0;
				GCC_PREPROCESSOR_DEFINITIONS = (
					"DEBUG=1",
					"$(inherited)",
				);
				GCC_WARN_64_TO_32_BIT_CONVERSION = YES;
				GCC_WARN_ABOUT_RETURN_TYPE = YES_ERROR;
				GCC_WARN_UNDECLARED_SELECTOR = YES;
				GCC_WARN_UNINITIALIZED_AUTOS = YES_AGGRESSIVE;
				GCC_WARN_UNUSED_FUNCTION = YES;
				GCC_WARN_UNUSED_VARIABLE = YES;
				IPHONEOS_DEPLOYMENT_TARGET = 17.0;
				LOCALIZATION_PREFERS_STRING_CATALOGS = YES;
				MTL_ENABLE_DEBUG_INFO = INCLUDE_SOURCE;
				MTL_FAST_MATH = YES;
				ONLY_ACTIVE_ARCH = YES;
				SDKROOT = iphoneos;
				STRING_CATALOG_GENERATE_SYMBOLS = YES;
				SWIFT_ACTIVE_COMPILATION_CONDITIONS = "DEBUG $(inherited)";
				SWIFT_OPTIMIZATION_LEVEL = "-Onone";
			};
			name = Debug;
		};
		00000034 /* Release */ = {
			isa = XCBuildConfiguration;
			buildSettings = {
				ALWAYS_SEARCH_USER_PATHS = NO;
				ASSETCATALOG_COMPILER_GENERATE_SWIFT_ASSET_SYMBOL_EXTENSIONS = YES;
				CLANG_ANALYZER_NONNULL = YES;
				CLANG_ANALYZER_NUMBER_OBJECT_CONVERSION = YES_AGGRESSIVE;
				CLANG_CXX_LANGUAGE_STANDARD = "gnu++20";
				CLANG_ENABLE_MODULES = YES;
				CLANG_ENABLE_OBJC_ARC = YES;
				CLANG_ENABLE_OBJC_WEAK = YES;
				CLANG_WARN_BLOCK_CAPTURE_AUTORELEASING = YES;
				CLANG_WARN_BOOL_CONVERSION = YES;
				CLANG_WARN_COMMA = YES;
				CLANG_WARN_CONSTANT_CONVERSION = YES;
				CLANG_WARN_DEPRECATED_OBJC_IMPLEMENTATIONS = YES;
				CLANG_WARN_DIRECT_OBJC_ISA_USAGE = YES_ERROR;
				CLANG_WARN_DOCUMENTATION_COMMENTS = YES;
				CLANG_WARN_EMPTY_BODY = YES;
				CLANG_WARN_ENUM_CONVERSION = YES;
				CLANG_WARN_INFINITE_RECURSION = YES;
				CLANG_WARN_INT_CONVERSION = YES;
				CLANG_WARN_NON_LITERAL_NULL_CONVERSION = YES;
				CLANG_WARN_OBJC_IMPLICIT_RETAIN_SELF = YES;
				CLANG_WARN_OBJC_LITERAL_CONVERSION = YES;
				CLANG_WARN_OBJC_ROOT_CLASS = YES_ERROR;
				CLANG_WARN_QUOTED_INCLUDE_IN_FRAMEWORK_HEADER = YES;
				CLANG_WARN_RANGE_LOOP_ANALYSIS = YES;
				CLANG_WARN_STRICT_PROTOTYPES = YES;
				CLANG_WARN_SUSPICIOUS_MOVE = YES;
				CLANG_WARN_UNGUARDED_AVAILABILITY = YES_AGGRESSIVE;
				CLANG_WARN_UNREACHABLE_CODE = YES;
				CLANG_WARN__DUPLICATE_METHOD_MATCH = YES;
				COPY_PHASE_STRIP = NO;
				DEBUG_INFORMATION_FORMAT = "dwarf-with-dsym";
				ENABLE_NS_ASSERTIONS = NO;
				ENABLE_STRICT_OBJC_MSGSEND = YES;
				ENABLE_USER_SCRIPT_SANDBOXING = YES;
				GCC_C_LANGUAGE_STANDARD = gnu17;
				GCC_NO_COMMON_BLOCKS = YES;
				GCC_WARN_64_TO_32_BIT_CONVERSION = YES;
				GCC_WARN_ABOUT_RETURN_TYPE = YES_ERROR;
				GCC_WARN_UNDECLARED_SELECTOR = YES;
				GCC_WARN_UNINITIALIZED_AUTOS = YES_AGGRESSIVE;
				GCC_WARN_UNUSED_FUNCTION = YES;
				GCC_WARN_UNUSED_VARIABLE = YES;
				IPHONEOS_DEPLOYMENT_TARGET = 17.0;
				LOCALIZATION_PREFERS_STRING_CATALOGS = YES;
				MTL_ENABLE_DEBUG_INFO = NO;
				MTL_FAST_MATH = YES;
				SDKROOT = iphoneos;
				STRING_CATALOG_GENERATE_SYMBOLS = YES;
				SWIFT_COMPILATION_MODE = wholemodule;
				VALIDATE_PRODUCT = YES;
			};
			name = Release;
		};
		00000035 /* Debug */ = {
			isa = XCBuildConfiguration;
			buildSettings = {
				ASSETCATALOG_COMPILER_APPICON_NAME = AppIcon;
				ASSETCATALOG_COMPILER_GLOBAL_ACCENT_COLOR_NAME = AccentColor;
				CODE_SIGN_ENTITLEMENTS = Sproutling/Sproutling.entitlements;
				CODE_SIGN_STYLE = Automatic;
				CURRENT_PROJECT_VERSION = 1;
				DEVELOPMENT_ASSET_PATHS = "\"Sproutling/Preview Content\"";
				ENABLE_PREVIEWS = YES;
				GENERATE_INFOPLIST_FILE = YES;
				INFOPLIST_FILE = Sproutling/Info.plist;
				INFOPLIST_KEY_CFBundleDisplayName = Sproutling;
				INFOPLIST_KEY_LSApplicationCategoryType = "public.app-category.education";
				INFOPLIST_KEY_UIApplicationSceneManifest_Generation = YES;
				INFOPLIST_KEY_UIApplicationSupportsIndirectInputEvents = YES;
				INFOPLIST_KEY_UILaunchScreen_Generation = YES;
				INFOPLIST_KEY_UISupportedInterfaceOrientations = UIInterfaceOrientationPortrait;
				INFOPLIST_KEY_UISupportedInterfaceOrientations_iPad = "UIInterfaceOrientationLandscapeLeft UIInterfaceOrientationLandscapeRight UIInterfaceOrientationPortrait UIInterfaceOrientationPortraitUpsideDown";
				LD_RUNPATH_SEARCH_PATHS = (
					"$(inherited)",
					"@executable_path/Frameworks",
				);
				MARKETING_VERSION = 1.0;
				PRODUCT_BUNDLE_IDENTIFIER = com.sproutling.app;
				PRODUCT_NAME = "$(TARGET_NAME)";
				SUPPORTED_PLATFORMS = "iphoneos iphonesimulator";
				SUPPORTS_MACCATALYST = NO;
				SWIFT_EMIT_LOC_STRINGS = YES;
				SWIFT_VERSION = 5.0;
				TARGETED_DEVICE_FAMILY = "1,2";
			};
			name = Debug;
		};
		00000036 /* Release */ = {
			isa = XCBuildConfiguration;
			buildSettings = {
				ASSETCATALOG_COMPILER_APPICON_NAME = AppIcon;
				ASSETCATALOG_COMPILER_GLOBAL_ACCENT_COLOR_NAME = AccentColor;
				CODE_SIGN_ENTITLEMENTS = Sproutling/Sproutling.entitlements;
				CODE_SIGN_STYLE = Automatic;
				CURRENT_PROJECT_VERSION = 1;
				DEVELOPMENT_ASSET_PATHS = "\"Sproutling/Preview Content\"";
				ENABLE_PREVIEWS = YES;
				GENERATE_INFOPLIST_FILE = YES;
				INFOPLIST_FILE = Sproutling/Info.plist;
				INFOPLIST_KEY_CFBundleDisplayName = Sproutling;
				INFOPLIST_KEY_LSApplicationCategoryType = "public.app-category.education";
				INFOPLIST_KEY_UIApplicationSceneManifest_Generation = YES;
				INFOPLIST_KEY_UIApplicationSupportsIndirectInputEvents = YES;
				INFOPLIST_KEY_UILaunchScreen_Generation = YES;
				INFOPLIST_KEY_UISupportedInterfaceOrientations = UIInterfaceOrientationPortrait;
				INFOPLIST_KEY_UISupportedInterfaceOrientations_iPad = "UIInterfaceOrientationLandscapeLeft UIInterfaceOrientationLandscapeRight UIInterfaceOrientationPortrait UIInterfaceOrientationPortraitUpsideDown";
				LD_RUNPATH_SEARCH_PATHS = (
					"$(inherited)",
					"@executable_path/Frameworks",
				);
				MARKETING_VERSION = 1.0;
				PRODUCT_BUNDLE_IDENTIFIER = com.sproutling.app;
				PRODUCT_NAME = "$(TARGET_NAME)";
				SUPPORTED_PLATFORMS = "iphoneos iphonesimulator";
				SUPPORTS_MACCATALYST = NO;
				SWIFT_EMIT_LOC_STRINGS = YES;
				SWIFT_VERSION = 5.0;
				TARGETED_DEVICE_FAMILY = "1,2";
			};
			name = Release;
		};
/* End XCBuildConfiguration section */

/* Begin XCConfigurationList section */
		0000002C /* Build configuration list for PBXNativeTarget "Sproutling" */ = {
			isa = XCConfigurationList;
			buildConfigurations = (
				00000035 /* Debug */,
				00000036 /* Release */,
			);
			defaultConfigurationIsVisible = 0;
			defaultConfigurationName = Release;
		};
		00000032 /* Build configuration list for PBXProject "Sproutling" */ = {
			isa = XCConfigurationList;
			buildConfigurations = (
				00000033 /* Debug */,
				00000034 /* Release */,
			);
			defaultConfigurationIsVisible = 0;
			defaultConfigurationName = Release;
		};
/* End XCConfigurationList section */
	};
	rootObject = 00000031 /* Project object */;
}
